
Microsoft Visual Studio Solution File, Format Version 12.00
# Visual Studio Version 17
VisualStudioVersion = 17.14.36511.14 d17.14
MinimumVisualStudioVersion = 10.0.40219.1
Project("{FAE04EC0-301F-11D3-BF4B-00C04F79EFBC}") = "Ovning_OPP_Github", "Ovning_OPP_Github.csproj", "{0764C4D5-2BDB-4CA6-B13B-0272DD6F2581}"
EndProject
Global
	GlobalSection(SolutionConfigurationPlatforms) = preSolution
		Debug|Any CPU = Debug|Any CPU
		Release|Any CPU = Release|Any CPU
	EndGlobalSection
	GlobalSection(ProjectConfigurationPlatforms) = postSolution
		{0764C4D5-2BDB-4CA6-B13B-0272DD6F2581}.Debug|Any CPU.ActiveCfg = Debug|Any CPU
		{0764C4D5-2BDB-4CA6-B13B-0272DD6F2581}.Debug|Any CPU.Build.0 = Debug|Any CPU
		{0764C4D5-2BDB-4CA6-B13B-0272DD6F2581}.Release|Any CPU.ActiveCfg = Release|Any CPU
		{0764C4D5-2BDB-4CA6-B13B-0272DD6F2581}.Release|Any CPU.Build.0 = Release|Any CPU
	EndGlobalSection
	GlobalSection(SolutionProperties) = preSolution
		HideSolutionNode = FALSE
	EndGlobalSection
	GlobalSection(ExtensibilityGlobals) = postSolution
		SolutionGuid = {390543AF-766F-4729-9E67-906C89017372}
	EndGlobalSection
EndGlobal
